// !$*UTF8*$!
{
	archiveVersion = 1;
	classes = {
	};
	objectVersion = 71;
	objects = {

/* Begin PBXBuildFile section */
		000000000000000000000101 /* WizardApp.swift in Sources */ = {isa = PBXBuildFile; fileRef = 000000000000000000000201 /* WizardApp.swift */; };
		000000000000000000000102 /* GameCodec.swift in Sources */ = {isa = PBXBuildFile; fileRef = 000000000000000000000202 /* GameCodec.swift */; };
		000000000000000000000103 /* GameStore.swift in Sources */ = {isa = PBXBuildFile; fileRef = 000000000000000000000203 /* GameStore.swift */; };
		000000000000000000000104 /* GameSnapshotEntity.swift in Sources */ = {isa = PBXBuildFile; fileRef = 000000000000000000000204 /* GameSnapshotEntity.swift */; };
		000000000000000000000105 /* GameListView.swift in Sources */ = {isa = PBXBuildFile; fileRef = 000000000000000000000205 /* GameListView.swift */; };
		000000000000000000000106 /* NewGameView.swift in Sources */ = {isa = PBXBuildFile; fileRef = 000000000000000000000206 /* NewGameView.swift */; };
		000000000000000000000107 /* GameSessionView.swift in Sources */ = {isa = PBXBuildFile; fileRef = 000000000000000000000207 /* GameSessionView.swift */; };
		000000000000000000000108 /* EntrySheetView.swift in Sources */ = {isa = PBXBuildFile; fileRef = 000000000000000000000208 /* EntrySheetView.swift */; };
		000000000000000000000109 /* SettingsView.swift in Sources */ = {isa = PBXBuildFile; fileRef = 000000000000000000000209 /* SettingsView.swift */; };
		00000000000000000000010A /* WizardBackground.swift in Sources */ = {isa = PBXBuildFile; fileRef = 00000000000000000000020A /* WizardBackground.swift */; };
		00000000000000000000010B /* AppColorScheme.swift in Sources */ = {isa = PBXBuildFile; fileRef = 00000000000000000000020B /* AppColorScheme.swift */; };
		00000000000000000000010C /* CloudCardAdjustmentRules.swift in Sources */ = {isa = PBXBuildFile; fileRef = 00000000000000000000020C /* CloudCardAdjustmentRules.swift */; };
		00000000000000000000010D /* AppLanguage.swift in Sources */ = {isa = PBXBuildFile; fileRef = 00000000000000000000020D /* AppLanguage.swift */; };
		00000000000000000000010E /* AppLocalization.swift in Sources */ = {isa = PBXBuildFile; fileRef = 00000000000000000000020E /* AppLocalization.swift */; };
		00000000000000000000010F /* AppErrorMessage.swift in Sources */ = {isa = PBXBuildFile; fileRef = 00000000000000000000020F /* AppErrorMessage.swift */; };
		000000000000000000000111 /* Commands.swift in Sources */ = {isa = PBXBuildFile; fileRef = 000000000000000000000211 /* Commands.swift */; };
		000000000000000000000112 /* Game.swift in Sources */ = {isa = PBXBuildFile; fileRef = 000000000000000000000212 /* Game.swift */; };
		000000000000000000000113 /* Models.swift in Sources */ = {isa = PBXBuildFile; fileRef = 000000000000000000000213 /* Models.swift */; };
		000000000000000000000114 /* Constraints.swift in Sources */ = {isa = PBXBuildFile; fileRef = 000000000000000000000214 /* Constraints.swift */; };
		000000000000000000000115 /* Rules.swift in Sources */ = {isa = PBXBuildFile; fileRef = 000000000000000000000215 /* Rules.swift */; };
		000000000000000000000116 /* Errors.swift in Sources */ = {isa = PBXBuildFile; fileRef = 000000000000000000000216 /* Errors.swift */; };
		000000000000000000000117 /* Assets.xcassets in Resources */ = {isa = PBXBuildFile; fileRef = 000000000000000000000217 /* Assets.xcassets */; };
		000000000000000000000118 /* Localizable.xcstrings in Resources */ = {isa = PBXBuildFile; fileRef = 000000000000000000000218 /* Localizable.xcstrings */; };
		000000000000000000000119 /* Card.swift in Sources */ = {isa = PBXBuildFile; fileRef = 000000000000000000000219 /* Card.swift */; };
		00000000000000000000011A /* Cards.swift in Sources */ = {isa = PBXBuildFile; fileRef = 00000000000000000000021A /* Cards.swift */; };
		00000000000000000000011B /* AboutInfoView.swift in Sources */ = {isa = PBXBuildFile; fileRef = 00000000000000000000021B /* AboutInfoView.swift */; };
		00000000000000000000011C /* PlayerRoundHistorySheet.swift in Sources */ = {isa = PBXBuildFile; fileRef = 00000000000000000000021C /* PlayerRoundHistorySheet.swift */; };
		00000000000000000000011D /* GameStoring.swift in Sources */ = {isa = PBXBuildFile; fileRef = 00000000000000000000021D /* GameStoring.swift */; };
		00000000000000000000011E /* MultiplayerCoordinator.swift in Sources */ = {isa = PBXBuildFile; fileRef = 00000000000000000000021E /* MultiplayerCoordinator.swift */; };
		00000000000000000000011F /* MultiplayerGameStore.swift in Sources */ = {isa = PBXBuildFile; fileRef = 00000000000000000000021F /* MultiplayerGameStore.swift */; };
		000000000000000000000120 /* GameSessionContainerView.swift in Sources */ = {isa = PBXBuildFile; fileRef = 000000000000000000000220 /* GameSessionContainerView.swift */; };
		000000000000000000000121 /* MultiplayerLobbyView.swift in Sources */ = {isa = PBXBuildFile; fileRef = 000000000000000000000221 /* MultiplayerLobbyView.swift */; };
		000000000000000000000122 /* JoinGameView.swift in Sources */ = {isa = PBXBuildFile; fileRef = 000000000000000000000222 /* JoinGameView.swift */; };
		000000000000000000000123 /* GuestGameSessionView.swift in Sources */ = {isa = PBXBuildFile; fileRef = 000000000000000000000223 /* GuestGameSessionView.swift */; };
		000000000000000000000124 /* MockTransport.swift in Sources */ = {isa = PBXBuildFile; fileRef = 000000000000000000000224 /* MockTransport.swift */; };
		000000000000000000000125 /* HostSessionService.swift in Sources */ = {isa = PBXBuildFile; fileRef = 000000000000000000000225 /* HostSessionService.swift */; };
		000000000000000000000126 /* FrameCodec.swift in Sources */ = {isa = PBXBuildFile; fileRef = 000000000000000000000226 /* FrameCodec.swift */; };
		000000000000000000000127 /* GuestSessionService.swift in Sources */ = {isa = PBXBuildFile; fileRef = 000000000000000000000227 /* GuestSessionService.swift */; };
		000000000000000000000128 /* SessionTransport.swift in Sources */ = {isa = PBXBuildFile; fileRef = 000000000000000000000228 /* SessionTransport.swift */; };
		000000000000000000000129 /* WireProtocol.swift in Sources */ = {isa = PBXBuildFile; fileRef = 000000000000000000000229 /* WireProtocol.swift */; };
		00000000000000000000012A /* TCPNetworkTransport.swift in Sources */ = {isa = PBXBuildFile; fileRef = 00000000000000000000022A /* TCPNetworkTransport.swift */; };
		00000000000000000000012B /* CommandAuthorizer.swift in Sources */ = {isa = PBXBuildFile; fileRef = 00000000000000000000022B /* CommandAuthorizer.swift */; };
		00000000000000000000012C /* GuestJoinPreferences.swift in Sources */ = {isa = PBXBuildFile; fileRef = 00000000000000000000022C /* GuestJoinPreferences.swift */; };
		00000000000000000000012D /* GuestWaitingView.swift in Sources */ = {isa = PBXBuildFile; fileRef = 00000000000000000000022D /* GuestWaitingView.swift */; };
/* End PBXBuildFile section */

/* Begin PBXFileReference section */
		000000000000000000000001 /* Wizard Block of Truth.app */ = {isa = PBXFileReference; explicitFileType = wrapper.application; includeInIndex = 0; path = "Wizard Block of Truth.app"; sourceTree = BUILT_PRODUCTS_DIR; };
		000000000000000000000010 /* Info.plist */ = {isa = PBXFileReference; lastKnownFileType = text.plist.xml; path = Info.plist; sourceTree = "<group>"; };
		000000000000000000000201 /* WizardApp.swift */ = {isa = PBXFileReference; lastKnownFileType = sourcecode.swift; name = WizardApp.swift; path = Sources/WizardApp/WizardApp.swift; sourceTree = SOURCE_ROOT; };
		000000000000000000000202 /* GameCodec.swift */ = {isa = PBXFileReference; lastKnownFileType = sourcecode.swift; name = GameCodec.swift; path = Sources/WizardApp/App/GameCodec.swift; sourceTree = SOURCE_ROOT; };
		000000000000000000000203 /* GameStore.swift */ = {isa = PBXFileReference; lastKnownFileType = sourcecode.swift; name = GameStore.swift; path = Sources/WizardApp/App/GameStore.swift; sourceTree = SOURCE_ROOT; };
		000000000000000000000204 /* GameSnapshotEntity.swift */ = {isa = PBXFileReference; lastKnownFileType = sourcecode.swift; name = GameSnapshotEntity.swift; path = Sources/WizardApp/Persistence/GameSnapshotEntity.swift; sourceTree = SOURCE_ROOT; };
		000000000000000000000205 /* GameListView.swift */ = {isa = PBXFileReference; lastKnownFileType = sourcecode.swift; name = GameListView.swift; path = Sources/WizardApp/UI/GameListView.swift; sourceTree = SOURCE_ROOT; };
		000000000000000000000206 /* NewGameView.swift */ = {isa = PBXFileReference; lastKnownFileType = sourcecode.swift; name = NewGameView.swift; path = Sources/WizardApp/UI/NewGameView.swift; sourceTree = SOURCE_ROOT; };
		000000000000000000000207 /* GameSessionView.swift */ = {isa = PBXFileReference; lastKnownFileType = sourcecode.swift; name = GameSessionView.swift; path = Sources/WizardApp/UI/GameSessionView.swift; sourceTree = SOURCE_ROOT; };
		000000000000000000000208 /* EntrySheetView.swift */ = {isa = PBXFileReference; lastKnownFileType = sourcecode.swift; name = EntrySheetView.swift; path = Sources/WizardApp/UI/EntrySheetView.swift; sourceTree = SOURCE_ROOT; };
		000000000000000000000209 /* SettingsView.swift */ = {isa = PBXFileReference; lastKnownFileType = sourcecode.swift; name = SettingsView.swift; path = Sources/WizardApp/UI/SettingsView.swift; sourceTree = SOURCE_ROOT; };
		00000000000000000000020A /* WizardBackground.swift */ = {isa = PBXFileReference; lastKnownFileType = sourcecode.swift; name = WizardBackground.swift; path = Sources/WizardApp/UI/WizardBackground.swift; sourceTree = SOURCE_ROOT; };
		00000000000000000000020B /* AppColorScheme.swift */ = {isa = PBXFileReference; lastKnownFileType = sourcecode.swift; name = AppColorScheme.swift; path = Sources/WizardApp/App/AppColorScheme.swift; sourceTree = SOURCE_ROOT; };
		00000000000000000000020C /* CloudCardAdjustmentRules.swift */ = {isa = PBXFileReference; lastKnownFileType = sourcecode.swift; name = CloudCardAdjustmentRules.swift; path = Sources/WizardApp/UI/CloudCardAdjustmentRules.swift; sourceTree = SOURCE_ROOT; };
		00000000000000000000020D /* AppLanguage.swift */ = {isa = PBXFileReference; lastKnownFileType = sourcecode.swift; name = AppLanguage.swift; path = Sources/WizardApp/App/AppLanguage.swift; sourceTree = SOURCE_ROOT; };
		00000000000000000000020E /* AppLocalization.swift */ = {isa = PBXFileReference; lastKnownFileType = sourcecode.swift; name = AppLocalization.swift; path = Sources/WizardApp/App/AppLocalization.swift; sourceTree = SOURCE_ROOT; };
		00000000000000000000020F /* AppErrorMessage.swift */ = {isa = PBXFileReference; lastKnownFileType = sourcecode.swift; name = AppErrorMessage.swift; path = Sources/WizardApp/App/AppErrorMessage.swift; sourceTree = SOURCE_ROOT; };
		000000000000000000000211 /* Commands.swift */ = {isa = PBXFileReference; lastKnownFileType = sourcecode.swift; name = Commands.swift; path = Sources/WizardDomain/Game/Commands.swift; sourceTree = SOURCE_ROOT; };
		000000000000000000000212 /* Game.swift */ = {isa = PBXFileReference; lastKnownFileType = sourcecode.swift; name = Game.swift; path = Sources/WizardDomain/Game/Game.swift; sourceTree = SOURCE_ROOT; };
		000000000000000000000213 /* Models.swift */ = {isa = PBXFileReference; lastKnownFileType = sourcecode.swift; name = Models.swift; path = Sources/WizardDomain/Models/Models.swift; sourceTree = SOURCE_ROOT; };
		000000000000000000000214 /* Constraints.swift */ = {isa = PBXFileReference; lastKnownFileType = sourcecode.swift; name = Constraints.swift; path = Sources/WizardDomain/Rules/Constraints.swift; sourceTree = SOURCE_ROOT; };
		000000000000000000000215 /* Rules.swift */ = {isa = PBXFileReference; lastKnownFileType = sourcecode.swift; name = Rules.swift; path = Sources/WizardDomain/Rules/Rules.swift; sourceTree = SOURCE_ROOT; };
		000000000000000000000216 /* Errors.swift */ = {isa = PBXFileReference; lastKnownFileType = sourcecode.swift; name = Errors.swift; path = Sources/WizardDomain/Support/Errors.swift; sourceTree = SOURCE_ROOT; };
		000000000000000000000217 /* Assets.xcassets */ = {isa = PBXFileReference; lastKnownFileType = folder.assetcatalog; path = Assets.xcassets; sourceTree = "<group>"; };
		000000000000000000000218 /* Localizable.xcstrings */ = {isa = PBXFileReference; lastKnownFileType = text.json.xcstrings; path = Localizable.xcstrings; sourceTree = "<group>"; };
		000000000000000000000219 /* Card.swift */ = {isa = PBXFileReference; lastKnownFileType = sourcecode.swift; name = Card.swift; path = Sources/WizardDomain/Models/Card.swift; sourceTree = SOURCE_ROOT; };
		00000000000000000000021A /* Cards.swift */ = {isa = PBXFileReference; lastKnownFileType = sourcecode.swift; name = Cards.swift; path = Sources/WizardDomain/Models/Cards.swift; sourceTree = SOURCE_ROOT; };
		00000000000000000000021B /* AboutInfoView.swift */ = {isa = PBXFileReference; lastKnownFileType = sourcecode.swift; name = AboutInfoView.swift; path = Sources/WizardApp/UI/AboutInfoView.swift; sourceTree = SOURCE_ROOT; };
		00000000000000000000021C /* PlayerRoundHistorySheet.swift */ = {isa = PBXFileReference; lastKnownFileType = sourcecode.swift; name = PlayerRoundHistorySheet.swift; path = Sources/WizardApp/UI/PlayerRoundHistorySheet.swift; sourceTree = SOURCE_ROOT; };
		00000000000000000000021D /* GameStoring.swift */ = {isa = PBXFileReference; lastKnownFileType = sourcecode.swift; name = GameStoring.swift; path = Sources/WizardApp/App/GameStoring.swift; sourceTree = SOURCE_ROOT; };
		00000000000000000000021E /* MultiplayerCoordinator.swift */ = {isa = PBXFileReference; lastKnownFileType = sourcecode.swift; name = MultiplayerCoordinator.swift; path = Sources/WizardApp/Multiplayer/MultiplayerCoordinator.swift; sourceTree = SOURCE_ROOT; };
		00000000000000000000021F /* MultiplayerGameStore.swift */ = {isa = PBXFileReference; lastKnownFileType = sourcecode.swift; name = MultiplayerGameStore.swift; path = Sources/WizardApp/Multiplayer/MultiplayerGameStore.swift; sourceTree = SOURCE_ROOT; };
		000000000000000000000220 /* GameSessionContainerView.swift */ = {isa = PBXFileReference; lastKnownFileType = sourcecode.swift; name = GameSessionContainerView.swift; path = Sources/WizardApp/UI/GameSessionContainerView.swift; sourceTree = SOURCE_ROOT; };
		000000000000000000000221 /* MultiplayerLobbyView.swift */ = {isa = PBXFileReference; lastKnownFileType = sourcecode.swift; name = MultiplayerLobbyView.swift; path = Sources/WizardApp/UI/MultiplayerLobbyView.swift; sourceTree = SOURCE_ROOT; };
		000000000000000000000222 /* JoinGameView.swift */ = {isa = PBXFileReference; lastKnownFileType = sourcecode.swift; name = JoinGameView.swift; path = Sources/WizardApp/UI/JoinGameView.swift; sourceTree = SOURCE_ROOT; };
		000000000000000000000223 /* GuestGameSessionView.swift */ = {isa = PBXFileReference; lastKnownFileType = sourcecode.swift; name = GuestGameSessionView.swift; path = Sources/WizardApp/UI/GuestGameSessionView.swift; sourceTree = SOURCE_ROOT; };
		000000000000000000000224 /* MockTransport.swift */ = {isa = PBXFileReference; lastKnownFileType = sourcecode.swift; name = MockTransport.swift; path = Sources/WizardNet/MockTransport.swift; sourceTree = SOURCE_ROOT; };
		000000000000000000000225 /* HostSessionService.swift */ = {isa = PBXFileReference; lastKnownFileType = sourcecode.swift; name = HostSessionService.swift; path = Sources/WizardNet/HostSessionService.swift; sourceTree = SOURCE_ROOT; };
		000000000000000000000226 /* FrameCodec.swift */ = {isa = PBXFileReference; lastKnownFileType = sourcecode.swift; name = FrameCodec.swift; path = Sources/WizardNet/FrameCodec.swift; sourceTree = SOURCE_ROOT; };
		000000000000000000000227 /* GuestSessionService.swift */ = {isa = PBXFileReference; lastKnownFileType = sourcecode.swift; name = GuestSessionService.swift; path = Sources/WizardNet/GuestSessionService.swift; sourceTree = SOURCE_ROOT; };
		000000000000000000000228 /* SessionTransport.swift */ = {isa = PBXFileReference; lastKnownFileType = sourcecode.swift; name = SessionTransport.swift; path = Sources/WizardNet/SessionTransport.swift; sourceTree = SOURCE_ROOT; };
		000000000000000000000229 /* WireProtocol.swift */ = {isa = PBXFileReference; lastKnownFileType = sourcecode.swift; name = WireProtocol.swift; path = Sources/WizardNet/WireProtocol.swift; sourceTree = SOURCE_ROOT; };
		00000000000000000000022A /* TCPNetworkTransport.swift */ = {isa = PBXFileReference; lastKnownFileType = sourcecode.swift; name = TCPNetworkTransport.swift; path = Sources/WizardNet/TCPNetworkTransport.swift; sourceTree = SOURCE_ROOT; };
		00000000000000000000022B /* CommandAuthorizer.swift */ = {isa = PBXFileReference; lastKnownFileType = sourcecode.swift; name = CommandAuthorizer.swift; path = Sources/WizardNet/CommandAuthorizer.swift; sourceTree = SOURCE_ROOT; };
		00000000000000000000022C /* GuestJoinPreferences.swift */ = {isa = PBXFileReference; lastKnownFileType = sourcecode.swift; name = GuestJoinPreferences.swift; path = Sources/WizardApp/Multiplayer/GuestJoinPreferences.swift; sourceTree = SOURCE_ROOT; };
		00000000000000000000022D /* GuestWaitingView.swift */ = {isa = PBXFileReference; lastKnownFileType = sourcecode.swift; name = GuestWaitingView.swift; path = Sources/WizardApp/UI/GuestWaitingView.swift; sourceTree = SOURCE_ROOT; };
/* End PBXFileReference section */

/* Begin PBXFrameworksBuildPhase section */
		000000000000000000000301 /* Frameworks */ = {
			isa = PBXFrameworksBuildPhase;
			buildActionMask = 2147483647;
			files = (
			);
			runOnlyForDeploymentPostprocessing = 0;
		};
/* End PBXFrameworksBuildPhase section */

/* Begin PBXGroup section */
		000000000000000000000400 = {
			isa = PBXGroup;
			children = (
				000000000000000000000401 /* Wizard-Block-Of-Truth */,
				000000000000000000000402 /* WizardDomain */,
				000000000000000000000411 /* WizardNet */,
				000000000000000000000403 /* Products */,
			);
			sourceTree = "<group>";
		};
		000000000000000000000401 /* Wizard-Block-Of-Truth */ = {
			isa = PBXGroup;
			children = (
				000000000000000000000217 /* Assets.xcassets */,
				000000000000000000000218 /* Localizable.xcstrings */,
				000000000000000000000010 /* Info.plist */,
				000000000000000000000201 /* WizardApp.swift */,
				000000000000000000000404 /* App */,
				000000000000000000000405 /* Persistence */,
				000000000000000000000412 /* Multiplayer */,
				000000000000000000000406 /* UI */,
			);
			path = "Wizard-Block-Of-Truth";
			sourceTree = "<group>";
		};
		000000000000000000000402 /* WizardDomain */ = {
			isa = PBXGroup;
			children = (
				000000000000000000000407 /* Game */,
				000000000000000000000408 /* Models */,
				000000000000000000000409 /* Rules */,
				000000000000000000000410 /* Support */,
			);
			name = WizardDomain;
			sourceTree = "<group>";
		};
		000000000000000000000403 /* Products */ = {
			isa = PBXGroup;
			children = (
				000000000000000000000001 /* Wizard Block of Truth.app */,
			);
			name = Products;
			sourceTree = "<group>";
		};
		000000000000000000000404 /* App */ = {
			isa = PBXGroup;
			children = (
				000000000000000000000202 /* GameCodec.swift */,
				00000000000000000000020B /* AppColorScheme.swift */,
				00000000000000000000020D /* AppLanguage.swift */,
				00000000000000000000020E /* AppLocalization.swift */,
				00000000000000000000020F /* AppErrorMessage.swift */,
				000000000000000000000203 /* GameStore.swift */,
				00000000000000000000021D /* GameStoring.swift */,
			);
			name = App;
			sourceTree = "<group>";
		};
		000000000000000000000405 /* Persistence */ = {
			isa = PBXGroup;
			children = (
				000000000000000000000204 /* GameSnapshotEntity.swift */,
			);
			name = Persistence;
			sourceTree = "<group>";
		};
		000000000000000000000406 /* UI */ = {
			isa = PBXGroup;
			children = (
				000000000000000000000205 /* GameListView.swift */,
				000000000000000000000206 /* NewGameView.swift */,
				000000000000000000000207 /* GameSessionView.swift */,
				000000000000000000000208 /* EntrySheetView.swift */,
				000000000000000000000209 /* SettingsView.swift */,
				00000000000000000000020A /* WizardBackground.swift */,
				00000000000000000000020C /* CloudCardAdjustmentRules.swift */,
				00000000000000000000021B /* AboutInfoView.swift */,
				00000000000000000000021C /* PlayerRoundHistorySheet.swift */,
				000000000000000000000220 /* GameSessionContainerView.swift */,
				000000000000000000000221 /* MultiplayerLobbyView.swift */,
				000000000000000000000222 /* JoinGameView.swift */,
				000000000000000000000223 /* GuestGameSessionView.swift */,
				00000000000000000000022D /* GuestWaitingView.swift */,
			);
			name = UI;
			sourceTree = "<group>";
		};
		000000000000000000000407 /* Game */ = {
			isa = PBXGroup;
			children = (
				000000000000000000000211 /* Commands.swift */,
				000000000000000000000212 /* Game.swift */,
			);
			name = Game;
			sourceTree = "<group>";
		};
		000000000000000000000408 /* Models */ = {
			isa = PBXGroup;
			children = (
				000000000000000000000213 /* Models.swift */,
				000000000000000000000219 /* Card.swift */,
				00000000000000000000021A /* Cards.swift */,
			);
			name = Models;
			sourceTree = "<group>";
		};
		000000000000000000000409 /* Rules */ = {
			isa = PBXGroup;
			children = (
				000000000000000000000214 /* Constraints.swift */,
				000000000000000000000215 /* Rules.swift */,
			);
			name = Rules;
			sourceTree = "<group>";
		};
		000000000000000000000410 /* Support */ = {
			isa = PBXGroup;
			children = (
				000000000000000000000216 /* Errors.swift */,
			);
			name = Support;
			sourceTree = "<group>";
		};
		000000000000000000000411 /* WizardNet */ = {
			isa = PBXGroup;
			children = (
				000000000000000000000224 /* MockTransport.swift */,
				000000000000000000000225 /* HostSessionService.swift */,
				000000000000000000000226 /* FrameCodec.swift */,
				000000000000000000000227 /* GuestSessionService.swift */,
				000000000000000000000228 /* SessionTransport.swift */,
				000000000000000000000229 /* WireProtocol.swift */,
				00000000000000000000022A /* TCPNetworkTransport.swift */,
				00000000000000000000022B /* CommandAuthorizer.swift */,
			);
			name = WizardNet;
			sourceTree = "<group>";
		};
		000000000000000000000412 /* Multiplayer */ = {
			isa = PBXGroup;
			children = (
				00000000000000000000021E /* MultiplayerCoordinator.swift */,
				00000000000000000000021F /* MultiplayerGameStore.swift */,
				00000000000000000000022C /* GuestJoinPreferences.swift */,
			);
			name = Multiplayer;
			sourceTree = "<group>";
		};
/* End PBXGroup section */

/* Begin PBXNativeTarget section */
		000000000000000000000500 /* Wizard Block of Truth */ = {
			isa = PBXNativeTarget;
			buildConfigurationList = 000000000000000000000700 /* Build configuration list for PBXNativeTarget "Wizard Block of Truth" */;
			buildPhases = (
				000000000000000000000600 /* Sources */,
				000000000000000000000301 /* Frameworks */,
				000000000000000000000602 /* Resources */,
			);
			buildRules = (
			);
			dependencies = (
			);
			name = "Wizard Block of Truth";
			productName = "Wizard-Block-Of-Truth";
			productReference = 000000000000000000000001 /* Wizard Block of Truth.app */;
			productType = "com.apple.product-type.application";
		};
/* End PBXNativeTarget section */

/* Begin PBXProject section */
		000000000000000000000800 /* Project object */ = {
			isa = PBXProject;
			attributes = {
				BuildIndependentTargetsInParallel = 1;
				LastSwiftUpdateCheck = 1600;
				LastUpgradeCheck = 2620;
				TargetAttributes = {
					000000000000000000000500 = {
						CreatedOnToolsVersion = 16.0;
					};
				};
			};
			buildConfigurationList = 000000000000000000000900 /* Build configuration list for PBXProject "Wizard-Block-Of-Truth" */;
			compatibilityVersion = "Xcode 16.0";
			developmentRegion = en;
			hasScannedForEncodings = 0;
			knownRegions = (
				en,
				Base,
			);
			mainGroup = 000000000000000000000400;
			productRefGroup = 000000000000000000000403 /* Products */;
			projectDirPath = "";
			projectRoot = "";
			targets = (
				000000000000000000000500 /* Wizard Block of Truth */,
			);
		};
/* End PBXProject section */

/* Begin PBXResourcesBuildPhase section */
		000000000000000000000602 /* Resources */ = {
			isa = PBXResourcesBuildPhase;
			buildActionMask = 2147483647;
			files = (
				000000000000000000000117 /* Assets.xcassets in Resources */,
				000000000000000000000118 /* Localizable.xcstrings in Resources */,
			);
			runOnlyForDeploymentPostprocessing = 0;
		};
/* End PBXResourcesBuildPhase section */

/* Begin PBXSourcesBuildPhase section */
		000000000000000000000600 /* Sources */ = {
			isa = PBXSourcesBuildPhase;
			buildActionMask = 2147483647;
			files = (
				000000000000000000000101 /* WizardApp.swift in Sources */,
				000000000000000000000102 /* GameCodec.swift in Sources */,
				00000000000000000000010B /* AppColorScheme.swift in Sources */,
				00000000000000000000010D /* AppLanguage.swift in Sources */,
				00000000000000000000010E /* AppLocalization.swift in Sources */,
				00000000000000000000010F /* AppErrorMessage.swift in Sources */,
				000000000000000000000103 /* GameStore.swift in Sources */,
				000000000000000000000104 /* GameSnapshotEntity.swift in Sources */,
				000000000000000000000105 /* GameListView.swift in Sources */,
				000000000000000000000106 /* NewGameView.swift in Sources */,
				000000000000000000000107 /* GameSessionView.swift in Sources */,
				000000000000000000000108 /* EntrySheetView.swift in Sources */,
				000000000000000000000109 /* SettingsView.swift in Sources */,
				00000000000000000000010A /* WizardBackground.swift in Sources */,
				00000000000000000000010C /* CloudCardAdjustmentRules.swift in Sources */,
				00000000000000000000011B /* AboutInfoView.swift in Sources */,
				00000000000000000000011C /* PlayerRoundHistorySheet.swift in Sources */,
				00000000000000000000011D /* GameStoring.swift in Sources */,
				00000000000000000000011E /* MultiplayerCoordinator.swift in Sources */,
				00000000000000000000011F /* MultiplayerGameStore.swift in Sources */,
				00000000000000000000012C /* GuestJoinPreferences.swift in Sources */,
				000000000000000000000120 /* GameSessionContainerView.swift in Sources */,
				000000000000000000000121 /* MultiplayerLobbyView.swift in Sources */,
				000000000000000000000122 /* JoinGameView.swift in Sources */,
				000000000000000000000123 /* GuestGameSessionView.swift in Sources */,
				00000000000000000000012D /* GuestWaitingView.swift in Sources */,
				000000000000000000000124 /* MockTransport.swift in Sources */,
				000000000000000000000125 /* HostSessionService.swift in Sources */,
				000000000000000000000126 /* FrameCodec.swift in Sources */,
				000000000000000000000127 /* GuestSessionService.swift in Sources */,
				000000000000000000000128 /* SessionTransport.swift in Sources */,
				000000000000000000000129 /* WireProtocol.swift in Sources */,
				00000000000000000000012A /* TCPNetworkTransport.swift in Sources */,
				00000000000000000000012B /* CommandAuthorizer.swift in Sources */,
				000000000000000000000111 /* Commands.swift in Sources */,
				000000000000000000000112 /* Game.swift in Sources */,
				000000000000000000000113 /* Models.swift in Sources */,
				000000000000000000000119 /* Card.swift in Sources */,
				00000000000000000000011A /* Cards.swift in Sources */,
				000000000000000000000114 /* Constraints.swift in Sources */,
				000000000000000000000115 /* Rules.swift in Sources */,
				000000000000000000000116 /* Errors.swift in Sources */,
			);
			runOnlyForDeploymentPostprocessing = 0;
		};
/* End PBXSourcesBuildPhase section */

/* Begin XCBuildConfiguration section */
		000000000000000000000901 /* Debug */ = {
			isa = XCBuildConfiguration;
			buildSettings = {
				ASSETCATALOG_COMPILER_APPICON_NAME = AppIcon;
				CLANG_ENABLE_MODULES = YES;
				CODE_SIGNING_ALLOWED = YES;
				CODE_SIGN_STYLE = Automatic;
				CURRENT_PROJECT_VERSION = 2;
				ENABLE_PREVIEWS = YES;
				GENERATE_INFOPLIST_FILE = NO;
				INFOPLIST_FILE = "Wizard-Block-Of-Truth/Info.plist";
				INFOPLIST_KEY_LSApplicationCategoryType = "public.app-category.card-games";
				IPHONEOS_DEPLOYMENT_TARGET = 18.0;
				LD_RUNPATH_SEARCH_PATHS = (
					"$(inherited)",
					"@executable_path/Frameworks",
				);
				MARKETING_VERSION = 1.1;
				PRODUCT_BUNDLE_IDENTIFIER = "de.elias-steffen.WizardBlockOfTruth";
				PRODUCT_NAME = "Wizard Block of Truth";
				SDKROOT = iphoneos;
				SUPPORTED_PLATFORMS = "iphoneos iphonesimulator";
				SUPPORTS_MACCATALYST = NO;
				SUPPORTS_XR_DESIGNED_FOR_IPHONE_IPAD = NO;
				SWIFT_VERSION = 6.0;
				TARGETED_DEVICE_FAMILY = 1;
			};
			name = Debug;
		};
		000000000000000000000902 /* Release */ = {
			isa = XCBuildConfiguration;
			buildSettings = {
				ASSETCATALOG_COMPILER_APPICON_NAME = AppIcon;
				CLANG_ENABLE_MODULES = YES;
				CODE_SIGNING_ALLOWED = YES;
				CODE_SIGN_STYLE = Automatic;
				CURRENT_PROJECT_VERSION = 2;
				GENERATE_INFOPLIST_FILE = NO;
				INFOPLIST_FILE = "Wizard-Block-Of-Truth/Info.plist";
				INFOPLIST_KEY_LSApplicationCategoryType = "public.app-category.card-games";
				IPHONEOS_DEPLOYMENT_TARGET = 18.0;
				LD_RUNPATH_SEARCH_PATHS = (
					"$(inherited)",
					"@executable_path/Frameworks",
				);
				MARKETING_VERSION = 1.1;
				PRODUCT_BUNDLE_IDENTIFIER = "de.elias-steffen.WizardBlockOfTruth";
				PRODUCT_NAME = "Wizard Block of Truth";
				SDKROOT = iphoneos;
				SUPPORTED_PLATFORMS = "iphoneos iphonesimulator";
				SUPPORTS_MACCATALYST = NO;
				SUPPORTS_XR_DESIGNED_FOR_IPHONE_IPAD = NO;
				SWIFT_VERSION = 6.0;
				TARGETED_DEVICE_FAMILY = 1;
			};
			name = Release;
		};
		000000000000000000000903 /* Debug */ = {
			isa = XCBuildConfiguration;
			buildSettings = {
				ALWAYS_SEARCH_USER_PATHS = NO;
				ASSETCATALOG_COMPILER_GENERATE_SWIFT_ASSET_SYMBOL_EXTENSIONS = YES;
				CLANG_ANALYZER_NONNULL = YES;
				CLANG_ANALYZER_NUMBER_OBJECT_CONVERSION = YES_AGGRESSIVE;
				CLANG_CXX_LANGUAGE_STANDARD = "gnu++20";
				CLANG_CXX_LIBRARY = "libc++";
				CLANG_ENABLE_MODULES = YES;
				CLANG_ENABLE_OBJC_ARC = YES;
				CLANG_WARN_BLOCK_CAPTURE_AUTORELEASING = YES;
				CLANG_WARN_BOOL_CONVERSION = YES;
				CLANG_WARN_COMMA = YES;
				CLANG_WARN_CONSTANT_CONVERSION = YES;
				CLANG_WARN_DEPRECATED_OBJC_IMPLEMENTATIONS = YES;
				CLANG_WARN_DIRECT_OBJC_ISA_USAGE = YES_ERROR;
				CLANG_WARN_DOCUMENTATION_COMMENTS = YES;
				CLANG_WARN_EMPTY_BODY = YES;
				CLANG_WARN_ENUM_CONVERSION = YES;
				CLANG_WARN_INFINITE_RECURSION = YES;
				CLANG_WARN_INT_CONVERSION = YES;
				CLANG_WARN_NON_LITERAL_NULL_CONVERSION = YES;
				CLANG_WARN_OBJC_IMPLICIT_RETAIN_SELF = YES;
				CLANG_WARN_OBJC_LITERAL_CONVERSION = YES;
				CLANG_WARN_OBJC_ROOT_CLASS = YES_ERROR;
				CLANG_WARN_QUOTED_INCLUDE_IN_FRAMEWORK_HEADER = YES;
				CLANG_WARN_RANGE_LOOP_ANALYSIS = YES;
				CLANG_WARN_STRICT_PROTOTYPES = YES;
				CLANG_WARN_SUSPICIOUS_MOVE = YES;
				CLANG_WARN_UNGUARDED_AVAILABILITY = YES_AGGRESSIVE;
				CLANG_WARN_UNREACHABLE_CODE = YES;
				CLANG_WARN__DUPLICATE_METHOD_MATCH = YES;
				DEAD_CODE_STRIPPING = YES;
				DEBUG_INFORMATION_FORMAT = dwarf;
				DEVELOPMENT_TEAM = 5CZDRHVFCY;
				ENABLE_STRICT_OBJC_MSGSEND = YES;
				ENABLE_TESTABILITY = YES;
				ENABLE_USER_SCRIPT_SANDBOXING = YES;
				GCC_C_LANGUAGE_STANDARD = gnu11;
				GCC_NO_COMMON_BLOCKS = YES;
				GCC_WARN_64_TO_32_BIT_CONVERSION = YES;
				GCC_WARN_ABOUT_RETURN_TYPE = YES;
				GCC_WARN_UNDECLARED_SELECTOR = YES;
				GCC_WARN_UNINITIALIZED_AUTOS = YES;
				GCC_WARN_UNUSED_FUNCTION = YES;
				GCC_WARN_UNUSED_VARIABLE = YES;
				ONLY_ACTIVE_ARCH = YES;
				STRING_CATALOG_GENERATE_SYMBOLS = YES;
				SWIFT_COMPILATION_MODE = incremental;
			};
			name = Debug;
		};
		000000000000000000000904 /* Release */ = {
			isa = XCBuildConfiguration;
			buildSettings = {
				ALWAYS_SEARCH_USER_PATHS = NO;
				ASSETCATALOG_COMPILER_GENERATE_SWIFT_ASSET_SYMBOL_EXTENSIONS = YES;
				CLANG_ANALYZER_NONNULL = YES;
				CLANG_ANALYZER_NUMBER_OBJECT_CONVERSION = YES_AGGRESSIVE;
				CLANG_CXX_LANGUAGE_STANDARD = "gnu++20";
				CLANG_CXX_LIBRARY = "libc++";
				CLANG_ENABLE_MODULES = YES;
				CLANG_ENABLE_OBJC_ARC = YES;
				CLANG_WARN_BLOCK_CAPTURE_AUTORELEASING = YES;
				CLANG_WARN_BOOL_CONVERSION = YES;
				CLANG_WARN_COMMA = YES;
				CLANG_WARN_CONSTANT_CONVERSION = YES;
				CLANG_WARN_DEPRECATED_OBJC_IMPLEMENTATIONS = YES;
				CLANG_WARN_DIRECT_OBJC_ISA_USAGE = YES_ERROR;
				CLANG_WARN_DOCUMENTATION_COMMENTS = YES;
				CLANG_WARN_EMPTY_BODY = YES;
				CLANG_WARN_ENUM_CONVERSION = YES;
				CLANG_WARN_INFINITE_RECURSION = YES;
				CLANG_WARN_INT_CONVERSION = YES;
				CLANG_WARN_NON_LITERAL_NULL_CONVERSION = YES;
				CLANG_WARN_OBJC_IMPLICIT_RETAIN_SELF = YES;
				CLANG_WARN_OBJC_LITERAL_CONVERSION = YES;
				CLANG_WARN_OBJC_ROOT_CLASS = YES_ERROR;
				CLANG_WARN_QUOTED_INCLUDE_IN_FRAMEWORK_HEADER = YES;
				CLANG_WARN_RANGE_LOOP_ANALYSIS = YES;
				CLANG_WARN_STRICT_PROTOTYPES = YES;
				CLANG_WARN_SUSPICIOUS_MOVE = YES;
				CLANG_WARN_UNGUARDED_AVAILABILITY = YES_AGGRESSIVE;
				CLANG_WARN_UNREACHABLE_CODE = YES;
				CLANG_WARN__DUPLICATE_METHOD_MATCH = YES;
				DEAD_CODE_STRIPPING = YES;
				DEBUG_INFORMATION_FORMAT = "dwarf-with-dsym";
				DEVELOPMENT_TEAM = 5CZDRHVFCY;
				ENABLE_STRICT_OBJC_MSGSEND = YES;
				ENABLE_USER_SCRIPT_SANDBOXING = YES;
				GCC_C_LANGUAGE_STANDARD = gnu11;
				GCC_NO_COMMON_BLOCKS = YES;
				GCC_WARN_64_TO_32_BIT_CONVERSION = YES;
				GCC_WARN_ABOUT_RETURN_TYPE = YES;
				GCC_WARN_UNDECLARED_SELECTOR = YES;
				GCC_WARN_UNINITIALIZED_AUTOS = YES;
				GCC_WARN_UNUSED_FUNCTION = YES;
				GCC_WARN_UNUSED_VARIABLE = YES;
				STRING_CATALOG_GENERATE_SYMBOLS = YES;
				SWIFT_COMPILATION_MODE = wholemodule;
			};
			name = Release;
		};
/* End XCBuildConfiguration section */

/* Begin XCConfigurationList section */
		000000000000000000000700 /* Build configuration list for PBXNativeTarget "Wizard Block of Truth" */ = {
			isa = XCConfigurationList;
			buildConfigurations = (
				000000000000000000000901 /* Debug */,
				000000000000000000000902 /* Release */,
			);
			defaultConfigurationIsVisible = 0;
			defaultConfigurationName = Debug;
		};
		000000000000000000000900 /* Build configuration list for PBXProject "Wizard-Block-Of-Truth" */ = {
			isa = XCConfigurationList;
			buildConfigurations = (
				000000000000000000000903 /* Debug */,
				000000000000000000000904 /* Release */,
			);
			defaultConfigurationIsVisible = 0;
			defaultConfigurationName = Debug;
		};
/* End XCConfigurationList section */
	};
	rootObject = 000000000000000000000800 /* Project object */;
}
